
Microsoft Visual Studio Solution File, Format Version 12.00
# Visual Studio Version 17
VisualStudioVersion = 17.6.33829.357
MinimumVisualStudioVersion = 10.0.40219.1
Project("{FAE04EC0-301F-11D3-BF4B-00C04F79EFBC}") = "Zoo.API", "Zoo.API\Zoo.API.csproj", "{6C8976DD-C3B6-4966-9998-58B33BA3F90A}"
EndProject
Project("{FAE04EC0-301F-11D3-BF4B-00C04F79EFBC}") = "Zoo.Core", "Zoo.Core\Zoo.Core.csproj", "{26E64229-F1EF-413B-B525-EB33EF94470C}"
EndProject
Project("{FAE04EC0-301F-11D3-BF4B-00C04F79EFBC}") = "Zoo.Service", "Zoo.Service\Zoo.Service.csproj", "{206B568A-B060-40FF-85BB-64F478AF2A58}"
EndProject
Project("{FAE04EC0-301F-11D3-BF4B-00C04F79EFBC}") = "Zoo.Data", "Zoo.Data\Zoo.Data.csproj", "{40A77668-0D1E-4613-9012-C6A793ACBD24}"
EndProject
Global
	GlobalSection(SolutionConfigurationPlatforms) = preSolution
		Debug|Any CPU = Debug|Any CPU
		Release|Any CPU = Release|Any CPU
	EndGlobalSection
	GlobalSection(ProjectConfigurationPlatforms) = postSolution
		{6C8976DD-C3B6-4966-9998-58B33BA3F90A}.Debug|Any CPU.ActiveCfg = Debug|Any CPU
		{6C8976DD-C3B6-4966-9998-58B33BA3F90A}.Debug|Any CPU.Build.0 = Debug|Any CPU
		{6C8976DD-C3B6-4966-9998-58B33BA3F90A}.Release|Any CPU.ActiveCfg = Release|Any CPU
		{6C8976DD-C3B6-4966-9998-58B33BA3F90A}.Release|Any CPU.Build.0 = Release|Any CPU
		{26E64229-F1EF-413B-B525-EB33EF94470C}.Debug|Any CPU.ActiveCfg = Debug|Any CPU
		{26E64229-F1EF-413B-B525-EB33EF94470C}.Debug|Any CPU.Build.0 = Debug|Any CPU
		{26E64229-F1EF-413B-B525-EB33EF94470C}.Release|Any CPU.ActiveCfg = Release|Any CPU
		{26E64229-F1EF-413B-B525-EB33EF94470C}.Release|Any CPU.Build.0 = Release|Any CPU
		{206B568A-B060-40FF-85BB-64F478AF2A58}.Debug|Any CPU.ActiveCfg = Debug|Any CPU
		{206B568A-B060-40FF-85BB-64F478AF2A58}.Debug|Any CPU.Build.0 = Debug|Any CPU
		{206B568A-B060-40FF-85BB-64F478AF2A58}.Release|Any CPU.ActiveCfg = Release|Any CPU
		{206B568A-B060-40FF-85BB-64F478AF2A58}.Release|Any CPU.Build.0 = Release|Any CPU
		{40A77668-0D1E-4613-9012-C6A793ACBD24}.Debug|Any CPU.ActiveCfg = Debug|Any CPU
		{40A77668-0D1E-4613-9012-C6A793ACBD24}.Debug|Any CPU.Build.0 = Debug|Any CPU
		{40A77668-0D1E-4613-9012-C6A793ACBD24}.Release|Any CPU.ActiveCfg = Release|Any CPU
		{40A77668-0D1E-4613-9012-C6A793ACBD24}.Release|Any CPU.Build.0 = Release|Any CPU
	EndGlobalSection
	GlobalSection(SolutionProperties) = preSolution
		HideSolutionNode = FALSE
	EndGlobalSection
	GlobalSection(ExtensibilityGlobals) = postSolution
		SolutionGuid = {8F5F5601-1FCD-4C3A-A014-69D59DB5B612}
	EndGlobalSection
EndGlobal
